<?xml version="1.0" encoding="utf-8"?>
<Project ToolsVersion="4.0" xmlns="http://schemas.microsoft.com/developer/msbuild/2003">
  <ItemGroup>
    <Filter Include="源文件">
      <UniqueIdentifier>{4FC737F1-C7A5-4376-A066-2A32D752A2FF}</UniqueIdentifier>
      <Extensions>cpp;c;cc;cxx;c++;cppm;ixx;def;odl;idl;hpj;bat;asm;asmx</Extensions>
    </Filter>
    <Filter Include="头文件">
      <UniqueIdentifier>{93995380-89BD-4b04-88EB-625FBE52EBFB}</UniqueIdentifier>
      <Extensions>h;hh;hpp;hxx;h++;hm;inl;inc;ipp;xsd</Extensions>
    </Filter>
    <Filter Include="资源文件">
      <UniqueIdentifier>{67DA6AB6-F800-4c08-8B7A-83BB121AAD01}</UniqueIdentifier>
      <Extensions>rc;ico;cur;bmp;dlg;rc2;rct;bin;rgs;gif;jpg;jpeg;jpe;resx;tiff;tif;png;wav;mfcribbon-ms</Extensions>
    </Filter>
  </ItemGroup>
  <ItemGroup>
    <ClInclude Include="Constant.h">
      <Filter>头文件</Filter>
    </ClInclude>
    <ClInclude Include="Monster.h">
      <Filter>头文件</Filter>
    </ClInclude>
    <ClInclude Include="Images.h">
      <Filter>头文件</Filter>
    </ClInclude>
    <ClInclude Include="EasyXPng.h">
      <Filter>资源文件</Filter>
    </ClInclude>
    <ClInclude Include="Timer.h">
      <Filter>资源文件</Filter>
    </ClInclude>
    <ClInclude Include="Enum.h">
      <Filter>头文件</Filter>
    </ClInclude>
    <ClInclude Include="Toolkit.h">
      <Filter>头文件</Filter>
    </ClInclude>
    <ClInclude Include="ClickButton.h">
      <Filter>头文件</Filter>
    </ClInclude>
    <ClInclude Include="Tower.h">
      <Filter>头文件</Filter>
    </ClInclude>
    <ClInclude Include="Global.h">
      <Filter>头文件</Filter>
    </ClInclude>
    <ClInclude Include="Bullet.h">
      <Filter>头文件</Filter>
    </ClInclude>
    <ClInclude Include="CoinSystem.h">
      <Filter>头文件</Filter>
    </ClInclude>
    <ClInclude Include="VFXSystem.h">
      <Filter>头文件</Filter>
    </ClInclude>
    <ClInclude Include="EnemyBullet.h">
      <Filter>头文件</Filter>
    </ClInclude>
    <ClInclude Include="PropSystem.h">
      <Filter>头文件</Filter>
    </ClInclude>
    <ClInclude Include="MonsterCreator.h">
      <Filter>头文件</Filter>
    </ClInclude>
    <ClInclude Include="FrontPage.h">
      <Filter>头文件</Filter>
    </ClInclude>
    <ClInclude Include="AudioSystem.h">
      <Filter>头文件</Filter>
    </ClInclude>
  </ItemGroup>
  <ItemGroup>
    <ClCompile Include="main.cpp">
      <Filter>源文件</Filter>
    </ClCompile>
    <ClCompile Include="Monster.cpp">
      <Filter>源文件</Filter>
    </ClCompile>
    <ClCompile Include="Toolkit.cpp">
      <Filter>源文件</Filter>
    </ClCompile>
    <ClCompile Include="Images.cpp">
      <Filter>源文件</Filter>
    </ClCompile>
    <ClCompile Include="Constant.cpp">
      <Filter>源文件</Filter>
    </ClCompile>
    <ClCompile Include="ClickButton.cpp">
      <Filter>源文件</Filter>
    </ClCompile>
    <ClCompile Include="Tower.cpp">
      <Filter>源文件</Filter>
    </ClCompile>
    <ClCompile Include="Global.cpp">
      <Filter>源文件</Filter>
    </ClCompile>
    <ClCompile Include="Bullet.cpp">
      <Filter>源文件</Filter>
    </ClCompile>
    <ClCompile Include="CoinSystem.cpp">
      <Filter>源文件</Filter>
    </ClCompile>
    <ClCompile Include="VFXSystem.cpp">
      <Filter>源文件</Filter>
    </ClCompile>
    <ClCompile Include="EnemyBullet.cpp">
      <Filter>源文件</Filter>
    </ClCompile>
    <ClCompile Include="PropSystem.cpp">
      <Filter>源文件</Filter>
    </ClCompile>
    <ClCompile Include="MonsterCreator.cpp">
      <Filter>源文件</Filter>
    </ClCompile>
    <ClCompile Include="FrontPage.cpp">
      <Filter>源文件</Filter>
    </ClCompile>
    <ClCompile Include="AudioSystem.cpp">
      <Filter>源文件</Filter>
    </ClCompile>
  </ItemGroup>
</Project>